
Microsoft Visual Studio Solution File, Format Version 12.00
# Visual Studio Version 16
VisualStudioVersion = 16.0.30611.23
MinimumVisualStudioVersion = 10.0.40219.1
Project("{FAE04EC0-301F-11D3-BF4B-00C04F79EFBC}") = "Authenticating to CDS from a .NET Framework Application", "Authenticating to CDS from a .NET Framework Application\Authenticating to CDS from a .NET Framework Application.csproj", "{31507F8B-48D3-4D65-8A10-07CBBFD0FE55}"
EndProject
Global
	GlobalSection(SolutionConfigurationPlatforms) = preSolution
		Debug|Any CPU = Debug|Any CPU
		Release|Any CPU = Release|Any CPU
	EndGlobalSection
	GlobalSection(ProjectConfigurationPlatforms) = postSolution
		{31507F8B-48D3-4D65-8A10-07CBBFD0FE55}.Debug|Any CPU.ActiveCfg = Debug|Any CPU
		{31507F8B-48D3-4D65-8A10-07CBBFD0FE55}.Debug|Any CPU.Build.0 = Debug|Any CPU
		{31507F8B-48D3-4D65-8A10-07CBBFD0FE55}.Release|Any CPU.ActiveCfg = Release|Any CPU
		{31507F8B-48D3-4D65-8A10-07CBBFD0FE55}.Release|Any CPU.Build.0 = Release|Any CPU
	EndGlobalSection
	GlobalSection(SolutionProperties) = preSolution
		HideSolutionNode = FALSE
	EndGlobalSection
	GlobalSection(ExtensibilityGlobals) = postSolution
		SolutionGuid = {34F75D41-4D37-4642-BDFE-F6C5B59294ED}
	EndGlobalSection
EndGlobal
